
Microsoft Visual Studio Solution File, Format Version 12.00
# Visual Studio Version 16
VisualStudioVersion = 16.0.30611.23
MinimumVisualStudioVersion = 10.0.40219.1
Project("{FAE04EC0-301F-11D3-BF4B-00C04F79EFBC}") = "CriminalDetectingSystem", "CriminalDetectingSystem.csproj", "{4EA07F03-2BC1-4321-93E0-5B91EEFEB003}"
EndProject
Global
	GlobalSection(SolutionConfigurationPlatforms) = preSolution
		Debug|Any CPU = Debug|Any CPU
		Release|Any CPU = Release|Any CPU
	EndGlobalSection
	GlobalSection(ProjectConfigurationPlatforms) = postSolution
		{4EA07F03-2BC1-4321-93E0-5B91EEFEB003}.Debug|Any CPU.ActiveCfg = Debug|Any CPU
		{4EA07F03-2BC1-4321-93E0-5B91EEFEB003}.Debug|Any CPU.Build.0 = Debug|Any CPU
		{4EA07F03-2BC1-4321-93E0-5B91EEFEB003}.Release|Any CPU.ActiveCfg = Release|Any CPU
		{4EA07F03-2BC1-4321-93E0-5B91EEFEB003}.Release|Any CPU.Build.0 = Release|Any CPU
	EndGlobalSection
	GlobalSection(SolutionProperties) = preSolution
		HideSolutionNode = FALSE
	EndGlobalSection
	GlobalSection(ExtensibilityGlobals) = postSolution
		SolutionGuid = {1C3BC682-4A67-48CE-A6A5-BD7F89A7EFEF}
	EndGlobalSection
EndGlobal
